{
  "name": "testing-bot-dashboard",
  "lockfileVersion": 3,
  "requires": true,
  "packages": {
    "": {
      "name": "testing-bot-dashboard",
      "dependencies": {
        "jose": "^5.9.6"
      },
      "devDependencies": {
        "@cloudflare/workers-types": "^4.20260402.1"
      }
    },
    "node_modules/@cloudflare/workers-types": {
      "version": "4.20260402.1",
      "resolved": "https://registry.npmjs.org/@cloudflare/workers-types/-/workers-types-4.20260402.1.tgz",
      "integrity": "sha512-+oJ6FmNNYqct9yq2o1K98dIw8Pf1SF8qcs2mjyra40tK3PblB6Gqp890Ndmgj8stXwtJ9dAgSbO8i9tVHKwQyQ==",
      "dev": true,
      "license": "MIT OR Apache-2.0"
    },
    "node_modules/jose": {
      "version": "5.10.0",
      "resolved": "https://registry.npmjs.org/jose/-/jose-5.10.0.tgz",
      "integrity": "sha512-s+3Al/p9g32Iq+oqXxkW//7jk2Vig6FF1CFqzVXoTUXt2qz89YWbL+OwS17NFYEvxC35n0FKeGO2LGYSxeM2Gg==",
      "license": "MIT",
      "funding": {
        "url": "https://github.com/sponsors/panva"
      }
    }
  }
}
